<?xml version="1.0" encoding="utf-8"?>
<Project ToolsVersion="4.0" xmlns="http://schemas.microsoft.com/developer/msbuild/2003">
  <ItemGroup>
    <Filter Include="源文件">
      <UniqueIdentifier>{4FC737F1-C7A5-4376-A066-2A32D752A2FF}</UniqueIdentifier>
      <Extensions>cpp;c;cc;cxx;def;odl;idl;hpj;bat;asm;asmx</Extensions>
    </Filter>
    <Filter Include="头文件">
      <UniqueIdentifier>{93995380-89BD-4b04-88EB-625FBE52EBFB}</UniqueIdentifier>
      <Extensions>h;hh;hpp;hxx;hm;inl;inc;ipp;xsd</Extensions>
    </Filter>
    <Filter Include="资源文件">
      <UniqueIdentifier>{67DA6AB6-F800-4c08-8B7A-83BB121AAD01}</UniqueIdentifier>
      <Extensions>rc;ico;cur;bmp;dlg;rc2;rct;bin;rgs;gif;jpg;jpeg;jpe;resx;tiff;tif;png;wav;mfcribbon-ms</Extensions>
    </Filter>
    <Filter Include="源文件\Chapter13 Dp">
      <UniqueIdentifier>{a4bef263-9ce4-4d62-b860-502d17be6292}</UniqueIdentifier>
    </Filter>
    <Filter Include="源文件\PAT">
      <UniqueIdentifier>{a4f1dfa2-546f-4d4d-a4ed-05b4a1c26fef}</UniqueIdentifier>
    </Filter>
    <Filter Include="源文件\Chapter9 Tree">
      <UniqueIdentifier>{34d7eedc-82d5-4981-953f-ff0d3bf3677d}</UniqueIdentifier>
    </Filter>
    <Filter Include="源文件\PAT\9.3树的遍历">
      <UniqueIdentifier>{4256b546-c690-4aa6-ba2f-0c4308b59f9f}</UniqueIdentifier>
    </Filter>
    <Filter Include="源文件\Chapter9 Tree\9.4二叉查找树">
      <UniqueIdentifier>{d335c453-171b-40c7-b1c2-a903b972a69d}</UniqueIdentifier>
    </Filter>
    <Filter Include="源文件\Chapter9 Tree\9.3树的遍历">
      <UniqueIdentifier>{7ec528ff-4bc7-486d-ad49-249e33ba2cff}</UniqueIdentifier>
    </Filter>
    <Filter Include="源文件\PAT\11 动态规划">
      <UniqueIdentifier>{670c2d06-52f9-41fa-9d57-3c9b4ef94a5f}</UniqueIdentifier>
    </Filter>
    <Filter Include="源文件\PAT\9.4 BST">
      <UniqueIdentifier>{bd8ca877-ad16-45c7-b258-59145af434cd}</UniqueIdentifier>
    </Filter>
    <Filter Include="源文件\Chapter9 Tree\9.5平衡二叉树">
      <UniqueIdentifier>{b412cc00-d7ad-471f-ac80-11f50ec5e51f}</UniqueIdentifier>
    </Filter>
    <Filter Include="源文件\PAT\9.6 AVL">
      <UniqueIdentifier>{1271c566-1aa5-4e90-ab4c-5c4bf5b148cc}</UniqueIdentifier>
    </Filter>
    <Filter Include="源文件\Chapter 8 常用数据结构">
      <UniqueIdentifier>{0c2a4afd-0e87-4e24-9787-b28c6bc515b3}</UniqueIdentifier>
    </Filter>
    <Filter Include="源文件\Chapter9 Tree\9.6并查集">
      <UniqueIdentifier>{db7b7f27-9d08-4786-ba64-45e446e7374d}</UniqueIdentifier>
    </Filter>
    <Filter Include="源文件\Chapter9 Tree\9.7堆">
      <UniqueIdentifier>{95b22b52-0459-403b-864d-e67cd882e241}</UniqueIdentifier>
    </Filter>
  </ItemGroup>
  <ItemGroup>
    <ClCompile Include="1007.cpp">
      <Filter>源文件\Chapter13 Dp</Filter>
    </ClCompile>
    <ClCompile Include="暴力求解LES.cpp">
      <Filter>源文件\Chapter13 Dp</Filter>
    </ClCompile>
    <ClCompile Include="1090.cpp">
      <Filter>源文件\PAT\9.3树的遍历</Filter>
    </ClCompile>
    <ClCompile Include="1053.cpp">
      <Filter>源文件\PAT\9.3树的遍历</Filter>
    </ClCompile>
    <ClCompile Include="1079(Ans).cpp">
      <Filter>源文件\PAT\9.3树的遍历</Filter>
    </ClCompile>
    <ClCompile Include="1079.cpp">
      <Filter>源文件\PAT\9.3树的遍历</Filter>
    </ClCompile>
    <ClCompile Include="1040.cpp">
      <Filter>源文件\PAT\11 动态规划</Filter>
    </ClCompile>
    <ClCompile Include="1094.cpp">
      <Filter>源文件\PAT\9.3树的遍历</Filter>
    </ClCompile>
    <ClCompile Include="1090(DFS2).cpp">
      <Filter>源文件\PAT\9.3树的遍历</Filter>
    </ClCompile>
    <ClCompile Include="1106.cpp">
      <Filter>源文件\PAT\9.3树的遍历</Filter>
    </ClCompile>
    <ClCompile Include="1004.cpp">
      <Filter>源文件\PAT\9.3树的遍历</Filter>
    </ClCompile>
    <ClCompile Include="BST.cpp">
      <Filter>源文件\Chapter9 Tree\9.4二叉查找树</Filter>
    </ClCompile>
    <ClCompile Include="静态二叉树.cpp">
      <Filter>源文件\Chapter9 Tree\9.3树的遍历</Filter>
    </ClCompile>
    <ClCompile Include="树的静态写法.cpp">
      <Filter>源文件\Chapter9 Tree\9.3树的遍历</Filter>
    </ClCompile>
    <ClCompile Include="1043.cpp">
      <Filter>源文件\PAT\9.4 BST</Filter>
    </ClCompile>
    <ClCompile Include="1064.cpp">
      <Filter>源文件\PAT\9.4 BST</Filter>
    </ClCompile>
    <ClCompile Include="1099.cpp">
      <Filter>源文件\PAT\9.4 BST</Filter>
    </ClCompile>
    <ClCompile Include="AVL.cpp">
      <Filter>源文件\Chapter9 Tree\9.5平衡二叉树</Filter>
    </ClCompile>
    <ClCompile Include="1066.cpp">
      <Filter>源文件\PAT\9.6 AVL</Filter>
    </ClCompile>
    <ClCompile Include="StaticList.cpp">
      <Filter>源文件\Chapter 8 常用数据结构</Filter>
    </ClCompile>
    <ClCompile Include="dynamicList.cpp">
      <Filter>源文件\Chapter 8 常用数据结构</Filter>
    </ClCompile>
    <ClCompile Include="并查集.cpp">
      <Filter>源文件\Chapter9 Tree\9.6并查集</Filter>
    </ClCompile>
  </ItemGroup>
</Project>